dependencies:
  espressif/mdns:
    component_hash: e81ca7a7f53ea34e78274df054da692c272e1315572876b237b1748e267c013b
    dependencies:
    - name: idf
      require: private
      version: '>=5.0'
    source:
      registry_url: https://components.espressif.com/
      type: service
    version: 1.11.3
  idf:
    source:
      type: idf
    version: 6.0.2
  rbdimmer/rbdimmerESP32:
    component_hash: 4fb242c16e6b1b1c547a3110f26349ca14280aeb3d66cf4824eca06f02dd66fc
    dependencies:
    - name: idf
      version: '>=5.3.0'
    source:
      git: https://github.com/robotdyn-dimmer/rbdimmerESP32.git
      path: .
      type: git
    targets:
    - esp32
    - esp32s2
    - esp32s3
    - esp32c3
    - esp32c6
    version: ab50d09f924e3d5ecf8590ab71386caa72a8e282
direct_dependencies:
- espressif/mdns
- idf
- rbdimmer/rbdimmerESP32
manifest_hash: 5cb151343351c73143ddfce10279369d0a6e479539ac9be2cfc103a8d0668ceb
target: esp32c3
version: 3.0.0
